
Microsoft Visual Studio Solution File, Format Version 12.00
# Visual Studio 14
VisualStudioVersion = 14.0.24720.0
MinimumVisualStudioVersion = 10.0.40219.1
Project("{FAE04EC0-301F-11D3-BF4B-00C04F79EFBC}") = "Inventory 3.0", "Inventory 3.0\Inventory 3.0.csproj", "{7D2E95F4-724E-435F-84B2-65BE07EF7764}"
EndProject
Project("{2150E333-8FDC-42A3-9474-1A3956D46DE8}") = "Solution Items", "Solution Items", "{8E45BC37-6F06-4FDE-BCCA-7048978852F8}"
EndProject
Global
	GlobalSection(SolutionConfigurationPlatforms) = preSolution
		Debug|Any CPU = Debug|Any CPU
		HomeDebug|Any CPU = HomeDebug|Any CPU
		Release|Any CPU = Release|Any CPU
	EndGlobalSection
	GlobalSection(ProjectConfigurationPlatforms) = postSolution
		{7D2E95F4-724E-435F-84B2-65BE07EF7764}.Debug|Any CPU.ActiveCfg = Debug|Any CPU
		{7D2E95F4-724E-435F-84B2-65BE07EF7764}.Debug|Any CPU.Build.0 = Debug|Any CPU
		{7D2E95F4-724E-435F-84B2-65BE07EF7764}.HomeDebug|Any CPU.ActiveCfg = HomeDebug|Any CPU
		{7D2E95F4-724E-435F-84B2-65BE07EF7764}.HomeDebug|Any CPU.Build.0 = HomeDebug|Any CPU
		{7D2E95F4-724E-435F-84B2-65BE07EF7764}.Release|Any CPU.ActiveCfg = Release|Any CPU
		{7D2E95F4-724E-435F-84B2-65BE07EF7764}.Release|Any CPU.Build.0 = Release|Any CPU
	EndGlobalSection
	GlobalSection(SolutionProperties) = preSolution
		HideSolutionNode = FALSE
	EndGlobalSection
EndGlobal
